
Microsoft Visual Studio Solution File, Format Version 12.00
# Visual Studio Version 16
VisualStudioVersion = 16.0.31727.386
MinimumVisualStudioVersion = 10.0.40219.1
Project("{FAE04EC0-301F-11D3-BF4B-00C04F79EFBC}") = "ExercicioTimeshare", "ExercicioTimeshare\ExercicioTimeshare.csproj", "{A543EC39-7E93-4A5E-858A-344E2932A469}"
EndProject
Global
	GlobalSection(SolutionConfigurationPlatforms) = preSolution
		Debug|Any CPU = Debug|Any CPU
		Release|Any CPU = Release|Any CPU
	EndGlobalSection
	GlobalSection(ProjectConfigurationPlatforms) = postSolution
		{A543EC39-7E93-4A5E-858A-344E2932A469}.Debug|Any CPU.ActiveCfg = Debug|Any CPU
		{A543EC39-7E93-4A5E-858A-344E2932A469}.Debug|Any CPU.Build.0 = Debug|Any CPU
		{A543EC39-7E93-4A5E-858A-344E2932A469}.Release|Any CPU.ActiveCfg = Release|Any CPU
		{A543EC39-7E93-4A5E-858A-344E2932A469}.Release|Any CPU.Build.0 = Release|Any CPU
	EndGlobalSection
	GlobalSection(SolutionProperties) = preSolution
		HideSolutionNode = FALSE
	EndGlobalSection
	GlobalSection(ExtensibilityGlobals) = postSolution
		SolutionGuid = {3A323EF8-295A-4515-9FCC-F3CC873F4502}
	EndGlobalSection
EndGlobal
